{
  "name": "iknowaplace",
  "version": "1.0.0",
  "lockfileVersion": 3,
  "requires": true,
  "packages": {
    "": {
      "name": "iknowaplace",
      "version": "1.0.0",
      "license": "ISC",
      "dependencies": {
        "react-router": "^7.18.4"
      },
      "devDependencies": {
        "prettier": "3.9.9",
        "prettier-plugin-tailwindcss": "0.8.1"
      }
    },
    "node_modules/cookie": {
      "version": "1.1.1",
      "resolved": "https://registry.npmjs.org/cookie/-/cookie-1.1.1.tgz",
      "integrity": "sha512-ei8Aos7ja0weRpFzJnEA9UHJ/7XQmqglbRwnf2ATjcB9Wq874VKH9kfjjirM6UhU2/E5fFYadylyhFldcqSidQ==",
      "license": "MIT",
      "engines": {
        "node": ">=18"
      },
      "funding": {
        "type": "opencollective",
        "url": "https://opencollective.com/express"
      }
    },
    "node_modules/prettier": {
      "version": "3.9.9",
      "resolved": "https://registry.npmjs.org/prettier/-/prettier-3.9.9.tgz",
      "integrity": "sha512-Z/CJHIkdujO/OtN7nXUii0Rf3VT5SRuhjBA82Xvu2XhBUgX3nhP67T0LHceBdQLex7OOFGTox+Q5Yg8Jk2Qivg==",
      "dev": true,
      "license": "MIT",
      "bin": {
        "prettier": "bin/prettier.cjs"
      },
      "engines": {
        "node": ">=14"
      },
      "funding": {
        "url": "https://github.com/prettier/prettier?sponsor=1"
      }
    },
    "node_modules/prettier-plugin-tailwindcss": {
      "version": "0.8.1",
      "resolved": "https://registry.npmjs.org/prettier-plugin-tailwindcss/-/prettier-plugin-tailwindcss-0.8.1.tgz",
      "integrity": "sha512-iaFMYqDsE4ffdDkn5qup0j5f2aCEBFZrdrZnvu9QKTlWx/iGPeQ4HHu7b7fCPMxeo9nwQBiOAh2nSypdFYWJkw==",
      "dev": true,
      "license": "MIT",
      "engines": {
        "node": ">=20.19"
      },
      "peerDependencies": {
        "@ianvs/prettier-plugin-sort-imports": "*",
        "@prettier/plugin-hermes": "*",
        "@prettier/plugin-oxc": "*",
        "@prettier/plugin-pug": "*",
        "@shopify/prettier-plugin-liquid": "*",
        "@trivago/prettier-plugin-sort-imports": "*",
        "@zackad/prettier-plugin-twig": "*",
        "prettier": "^3.0",
        "prettier-plugin-astro": "*",
        "prettier-plugin-css-order": "*",
        "prettier-plugin-jsdoc": "*",
        "prettier-plugin-marko": "*",
        "prettier-plugin-multiline-arrays": "*",
        "prettier-plugin-organize-attributes": "*",
        "prettier-plugin-organize-imports": "*",
        "prettier-plugin-sort-imports": "*",
        "prettier-plugin-svelte": "*"
      },
      "peerDependenciesMeta": {
        "@ianvs/prettier-plugin-sort-imports": {
          "optional": true
        },
        "@prettier/plugin-hermes": {
          "optional": true
        },
        "@prettier/plugin-oxc": {
          "optional": true
        },
        "@prettier/plugin-pug": {
          "optional": true
        },
        "@shopify/prettier-plugin-liquid": {
          "optional": true
        },
        "@trivago/prettier-plugin-sort-imports": {
          "optional": true
        },
        "@zackad/prettier-plugin-twig": {
          "optional": true
        },
        "prettier-plugin-astro": {
          "optional": true
        },
        "prettier-plugin-css-order": {
          "optional": true
        },
        "prettier-plugin-jsdoc": {
          "optional": true
        },
        "prettier-plugin-marko": {
          "optional": true
        },
        "prettier-plugin-multiline-arrays": {
          "optional": true
        },
        "prettier-plugin-organize-attributes": {
          "optional": true
        },
        "prettier-plugin-organize-imports": {
          "optional": true
        },
        "prettier-plugin-sort-imports": {
          "optional": true
        },
        "prettier-plugin-svelte": {
          "optional": true
        }
      }
    },
    "node_modules/react-router": {
      "version": "7.18.4",
      "resolved": "https://registry.npmjs.org/react-router/-/react-router-7.18.4.tgz",
      "integrity": "sha512-PUPQcMhMGRAslLcvtlPz/kmzBEWPhLdgLFrL7pLNepBL6dX0lWj4WD2cUYVgYCuT3jxvghYFg81cDTj44DhetQ==",
      "license": "MIT",
      "dependencies": {
        "cookie": "^1.0.1",
        "set-cookie-parser": "^2.6.0"
      },
      "engines": {
        "node": ">=20.0.0"
      },
      "peerDependencies": {
        "react": ">=18",
        "react-dom": ">=18"
      },
      "peerDependenciesMeta": {
        "react-dom": {
          "optional": true
        }
      }
    },
    "node_modules/set-cookie-parser": {
      "version": "2.7.2",
      "resolved": "https://registry.npmjs.org/set-cookie-parser/-/set-cookie-parser-2.7.2.tgz",
      "integrity": "sha512-oeM1lpU/UvhTxw+g3cIfxXHyJRc/uidd3yK1P242gzHds0udQBYzs3y8j4gCCW+ZJ7ad0yctld8RYO+bdurlvw==",
      "license": "MIT"
    }
  }
}
